
Microsoft Visual Studio Solution File, Format Version 12.00
# Visual Studio Version 16
VisualStudioVersion = 16.0.30114.105
MinimumVisualStudioVersion = 10.0.40219.1
Project("{2150E333-8FDC-42A3-9474-1A3956D46DE8}") = "BookingService", "BookingService", "{8BCDB6C7-AC2C-454F-A956-FFC2604A9E13}"
EndProject
Project("{2150E333-8FDC-42A3-9474-1A3956D46DE8}") = "Adapters", "Adapters", "{7E480584-7C78-4506-A4AD-DD27A0BE6702}"
EndProject
Project("{FAE04EC0-301F-11D3-BF4B-00C04F79EFBC}") = "Data", "BookingService\Adapters\Data\Data.csproj", "{3ABADD7F-F5C4-4D6C-8615-17041FAF003D}"
EndProject
Project("{2150E333-8FDC-42A3-9474-1A3956D46DE8}") = "Core", "Core", "{2F22CD1D-1087-48AE-83E5-B2F066851728}"
EndProject
Project("{FAE04EC0-301F-11D3-BF4B-00C04F79EFBC}") = "Domain", "BookingService\Core\Domain\Domain.csproj", "{84ABAE62-6E02-4FE7-82A1-3E0ACFC3A809}"
EndProject
Project("{2150E333-8FDC-42A3-9474-1A3956D46DE8}") = "Tests", "Tests", "{DC6D5229-0275-4F78-920F-9622C1734C26}"
EndProject
Project("{FAE04EC0-301F-11D3-BF4B-00C04F79EFBC}") = "DomainTests", "BookingService\Tests\Domain\DomainTests.csproj", "{ECA278B3-D8C0-4AC9-BC04-CD9010EB97A8}"
EndProject
Project("{2150E333-8FDC-42A3-9474-1A3956D46DE8}") = "Consumers", "Consumers", "{29982AA5-7AC8-4E9E-94AC-2313743C1754}"
EndProject
Project("{FAE04EC0-301F-11D3-BF4B-00C04F79EFBC}") = "API", "BookingService\Consumers\API\API.csproj", "{5E502C21-01D3-48CB-BD30-0063D25EE4DB}"
EndProject
Project("{FAE04EC0-301F-11D3-BF4B-00C04F79EFBC}") = "Application", "BookingService\Core\Application\Application.csproj", "{63B95065-5A13-438F-9A47-16CAE6E351DC}"
EndProject
Project("{FAE04EC0-301F-11D3-BF4B-00C04F79EFBC}") = "ApplicationTests", "BookingService\Tests\Application\ApplicationTests.csproj", "{BBAFFFC3-0160-4FC3-904D-7BC5F9DE9B53}"
EndProject
Global
	GlobalSection(SolutionConfigurationPlatforms) = preSolution
		Debug|Any CPU = Debug|Any CPU
		Release|Any CPU = Release|Any CPU
	EndGlobalSection
	GlobalSection(SolutionProperties) = preSolution
		HideSolutionNode = FALSE
	EndGlobalSection
	GlobalSection(ProjectConfigurationPlatforms) = postSolution
		{3ABADD7F-F5C4-4D6C-8615-17041FAF003D}.Debug|Any CPU.ActiveCfg = Debug|Any CPU
		{3ABADD7F-F5C4-4D6C-8615-17041FAF003D}.Debug|Any CPU.Build.0 = Debug|Any CPU
		{3ABADD7F-F5C4-4D6C-8615-17041FAF003D}.Release|Any CPU.ActiveCfg = Release|Any CPU
		{3ABADD7F-F5C4-4D6C-8615-17041FAF003D}.Release|Any CPU.Build.0 = Release|Any CPU
		{84ABAE62-6E02-4FE7-82A1-3E0ACFC3A809}.Debug|Any CPU.ActiveCfg = Debug|Any CPU
		{84ABAE62-6E02-4FE7-82A1-3E0ACFC3A809}.Debug|Any CPU.Build.0 = Debug|Any CPU
		{84ABAE62-6E02-4FE7-82A1-3E0ACFC3A809}.Release|Any CPU.ActiveCfg = Release|Any CPU
		{84ABAE62-6E02-4FE7-82A1-3E0ACFC3A809}.Release|Any CPU.Build.0 = Release|Any CPU
		{ECA278B3-D8C0-4AC9-BC04-CD9010EB97A8}.Debug|Any CPU.ActiveCfg = Debug|Any CPU
		{ECA278B3-D8C0-4AC9-BC04-CD9010EB97A8}.Debug|Any CPU.Build.0 = Debug|Any CPU
		{ECA278B3-D8C0-4AC9-BC04-CD9010EB97A8}.Release|Any CPU.ActiveCfg = Release|Any CPU
		{ECA278B3-D8C0-4AC9-BC04-CD9010EB97A8}.Release|Any CPU.Build.0 = Release|Any CPU
		{5E502C21-01D3-48CB-BD30-0063D25EE4DB}.Debug|Any CPU.ActiveCfg = Debug|Any CPU
		{5E502C21-01D3-48CB-BD30-0063D25EE4DB}.Debug|Any CPU.Build.0 = Debug|Any CPU
		{5E502C21-01D3-48CB-BD30-0063D25EE4DB}.Release|Any CPU.ActiveCfg = Release|Any CPU
		{5E502C21-01D3-48CB-BD30-0063D25EE4DB}.Release|Any CPU.Build.0 = Release|Any CPU
		{63B95065-5A13-438F-9A47-16CAE6E351DC}.Debug|Any CPU.ActiveCfg = Debug|Any CPU
		{63B95065-5A13-438F-9A47-16CAE6E351DC}.Debug|Any CPU.Build.0 = Debug|Any CPU
		{63B95065-5A13-438F-9A47-16CAE6E351DC}.Release|Any CPU.ActiveCfg = Release|Any CPU
		{63B95065-5A13-438F-9A47-16CAE6E351DC}.Release|Any CPU.Build.0 = Release|Any CPU
		{BBAFFFC3-0160-4FC3-904D-7BC5F9DE9B53}.Debug|Any CPU.ActiveCfg = Debug|Any CPU
		{BBAFFFC3-0160-4FC3-904D-7BC5F9DE9B53}.Debug|Any CPU.Build.0 = Debug|Any CPU
		{BBAFFFC3-0160-4FC3-904D-7BC5F9DE9B53}.Release|Any CPU.ActiveCfg = Release|Any CPU
		{BBAFFFC3-0160-4FC3-904D-7BC5F9DE9B53}.Release|Any CPU.Build.0 = Release|Any CPU
	EndGlobalSection
	GlobalSection(NestedProjects) = preSolution
		{7E480584-7C78-4506-A4AD-DD27A0BE6702} = {8BCDB6C7-AC2C-454F-A956-FFC2604A9E13}
		{3ABADD7F-F5C4-4D6C-8615-17041FAF003D} = {7E480584-7C78-4506-A4AD-DD27A0BE6702}
		{2F22CD1D-1087-48AE-83E5-B2F066851728} = {8BCDB6C7-AC2C-454F-A956-FFC2604A9E13}
		{84ABAE62-6E02-4FE7-82A1-3E0ACFC3A809} = {2F22CD1D-1087-48AE-83E5-B2F066851728}
		{DC6D5229-0275-4F78-920F-9622C1734C26} = {8BCDB6C7-AC2C-454F-A956-FFC2604A9E13}
		{ECA278B3-D8C0-4AC9-BC04-CD9010EB97A8} = {DC6D5229-0275-4F78-920F-9622C1734C26}
		{29982AA5-7AC8-4E9E-94AC-2313743C1754} = {8BCDB6C7-AC2C-454F-A956-FFC2604A9E13}
		{5E502C21-01D3-48CB-BD30-0063D25EE4DB} = {29982AA5-7AC8-4E9E-94AC-2313743C1754}
		{63B95065-5A13-438F-9A47-16CAE6E351DC} = {2F22CD1D-1087-48AE-83E5-B2F066851728}
		{BBAFFFC3-0160-4FC3-904D-7BC5F9DE9B53} = {DC6D5229-0275-4F78-920F-9622C1734C26}
	EndGlobalSection
EndGlobal
